// !$*UTF8*$!
{
	archiveVersion = 1;
	classes = {
	};
	objectVersion = 46;
	objects = {

/* Begin PBXBuildFile section */
		8632CA721D9BB776001346B0 /* VideoRecordBundle.bundle in Resources */ = {isa = PBXBuildFile; fileRef = 8632CA711D9BB776001346B0 /* VideoRecordBundle.bundle */; };
		86672B9E1C15367C000D719E /* main.m in Sources */ = {isa = PBXBuildFile; fileRef = 86672B9D1C15367C000D719E /* main.m */; };
		86672BA11C15367C000D719E /* AppDelegate.m in Sources */ = {isa = PBXBuildFile; fileRef = 86672BA01C15367C000D719E /* AppDelegate.m */; };
		86672BA41C15367C000D719E /* ViewController.m in Sources */ = {isa = PBXBuildFile; fileRef = 86672BA31C15367C000D719E /* ViewController.m */; };
		86672BA91C15367C000D719E /* Assets.xcassets in Resources */ = {isa = PBXBuildFile; fileRef = 86672BA81C15367C000D719E /* Assets.xcassets */; };
		86672BD01C154590000D719E /* CoreGraphics.framework in Frameworks */ = {isa = PBXBuildFile; fileRef = 86672BCF1C154590000D719E /* CoreGraphics.framework */; settings = {ATTRIBUTES = (Required, ); }; };
		86672BD21C1545AD000D719E /* CoreFoundation.framework in Frameworks */ = {isa = PBXBuildFile; fileRef = 86672BD11C1545AD000D719E /* CoreFoundation.framework */; settings = {ATTRIBUTES = (Weak, ); }; };
		8672B5E71C16C41100801DDA /* Foundation.framework in Frameworks */ = {isa = PBXBuildFile; fileRef = 8672B5E61C16C41100801DDA /* Foundation.framework */; settings = {ATTRIBUTES = (Weak, ); }; };
		8672B5F71C16DBCE00801DDA /* AssetsLibrary.framework in Frameworks */ = {isa = PBXBuildFile; fileRef = 8672B5F61C16DBCE00801DDA /* AssetsLibrary.framework */; };
		8672B5F91C16DBDE00801DDA /* Photos.framework in Frameworks */ = {isa = PBXBuildFile; fileRef = 8672B5F81C16DBDE00801DDA /* Photos.framework */; settings = {ATTRIBUTES = (Weak, ); }; };
		8676079A1CC8E48200997BEC /* libXpkUISDKLib.a in Frameworks */ = {isa = PBXBuildFile; fileRef = 867607931CC8E48200997BEC /* libXpkUISDKLib.a */; };
		8676079B1CC8E48200997BEC /* XpkUISDK.bundle in Resources */ = {isa = PBXBuildFile; fileRef = 867607941CC8E48200997BEC /* XpkUISDK.bundle */; };
		8684B9B61DCAD450001488F3 /* testFile1.mov in Resources */ = {isa = PBXBuildFile; fileRef = 8684B9B51DCAD450001488F3 /* testFile1.mov */; };
		86872C481E6FBD4A0065597C /* IMG_0586.JPG in Resources */ = {isa = PBXBuildFile; fileRef = 86872C3C1E6FBD4A0065597C /* IMG_0586.JPG */; };
		86872C491E6FBD4A0065597C /* water_LOGO.png in Resources */ = {isa = PBXBuildFile; fileRef = 86872C3D1E6FBD4A0065597C /* water_LOGO.png */; };
		86872C4A1E6FBD4A0065597C /* waterImage.png in Resources */ = {isa = PBXBuildFile; fileRef = 86872C3E1E6FBD4A0065597C /* waterImage.png */; };
		86872C4B1E6FBD4A0065597C /* waterImage.png in Resources */ = {isa = PBXBuildFile; fileRef = 86872C401E6FBD4A0065597C /* waterImage.png */; };
		86872C4C1E6FBD4A0065597C /* 不启用_@3x.png in Resources */ = {isa = PBXBuildFile; fileRef = 86872C411E6FBD4A0065597C /* 不启用_@3x.png */; };
		86872C4D1E6FBD4A0065597C /* 单选选中.png in Resources */ = {isa = PBXBuildFile; fileRef = 86872C421E6FBD4A0065597C /* 单选选中.png */; };
		86872C4E1E6FBD4A0065597C /* 单选默认.png in Resources */ = {isa = PBXBuildFile; fileRef = 86872C431E6FBD4A0065597C /* 单选默认.png */; };
		86872C4F1E6FBD4A0065597C /* 启用勾_@3x.png in Resources */ = {isa = PBXBuildFile; fileRef = 86872C441E6FBD4A0065597C /* 启用勾_@3x.png */; };
		86872C501E6FBD4A0065597C /* 片尾caise_LOGO.png in Resources */ = {isa = PBXBuildFile; fileRef = 86872C461E6FBD4A0065597C /* 片尾caise_LOGO.png */; };
		86872C511E6FBD4A0065597C /* 片尾caise_LOGO_.png in Resources */ = {isa = PBXBuildFile; fileRef = 86872C471E6FBD4A0065597C /* 片尾caise_LOGO_.png */; };
		86A66B141C7D5B350098E7D2 /* waterImage.png in Resources */ = {isa = PBXBuildFile; fileRef = 86A66B131C7D5B350098E7D2 /* waterImage.png */; };
		86A66B1F1C7D616D0098E7D2 /* MobileCoreServices.framework in Frameworks */ = {isa = PBXBuildFile; fileRef = 86A66B1E1C7D616D0098E7D2 /* MobileCoreServices.framework */; };
		86A66B271C7D623C0098E7D2 /* libz.1.2.5.tbd in Frameworks */ = {isa = PBXBuildFile; fileRef = 86A66B261C7D623C0098E7D2 /* libz.1.2.5.tbd */; };
		86A66B2D1C7D62FC0098E7D2 /* libxml2.2.tbd in Frameworks */ = {isa = PBXBuildFile; fileRef = 86A66B2C1C7D62FC0098E7D2 /* libxml2.2.tbd */; };
		86A66B2F1C7D630F0098E7D2 /* libstdc++.tbd in Frameworks */ = {isa = PBXBuildFile; fileRef = 86A66B2E1C7D630F0098E7D2 /* libstdc++.tbd */; };
		86A66B381C7D65AD0098E7D2 /* CoreTelephony.framework in Frameworks */ = {isa = PBXBuildFile; fileRef = 86A66B321C7D639E0098E7D2 /* CoreTelephony.framework */; };
		86CD0C141DFFB4C200D9F5EF /* PlayVideoController.m in Sources */ = {isa = PBXBuildFile; fileRef = 86CD0C131DFFB4C200D9F5EF /* PlayVideoController.m */; };
/* End PBXBuildFile section */

/* Begin PBXContainerItemProxy section */
		86672BB31C15367C000D719E /* PBXContainerItemProxy */ = {
			isa = PBXContainerItemProxy;
			containerPortal = 86672B911C15367C000D719E /* Project object */;
			proxyType = 1;
			remoteGlobalIDString = 86672B981C15367C000D719E;
			remoteInfo = XpkUiSDKDemo;
		};
/* End PBXContainerItemProxy section */

/* Begin PBXCopyFilesBuildPhase section */
		862AC0111C241D87004B26B7 /* Embed Frameworks */ = {
			isa = PBXCopyFilesBuildPhase;
			buildActionMask = 2147483647;
			dstPath = "";
			dstSubfolderSpec = 10;
			files = (
			);
			name = "Embed Frameworks";
			runOnlyForDeploymentPostprocessing = 0;
		};
/* End PBXCopyFilesBuildPhase section */

/* Begin PBXFileReference section */
		8632CA711D9BB776001346B0 /* VideoRecordBundle.bundle */ = {isa = PBXFileReference; lastKnownFileType = "wrapper.plug-in"; path = VideoRecordBundle.bundle; sourceTree = "<group>"; };
		86672B991C15367C000D719E /* XpkUiSDKDemo.app */ = {isa = PBXFileReference; explicitFileType = wrapper.application; includeInIndex = 0; path = XpkUiSDKDemo.app; sourceTree = BUILT_PRODUCTS_DIR; };
		86672B9D1C15367C000D719E /* main.m */ = {isa = PBXFileReference; lastKnownFileType = sourcecode.c.objc; path = main.m; sourceTree = "<group>"; };
		86672B9F1C15367C000D719E /* AppDelegate.h */ = {isa = PBXFileReference; lastKnownFileType = sourcecode.c.h; path = AppDelegate.h; sourceTree = "<group>"; };
		86672BA01C15367C000D719E /* AppDelegate.m */ = {isa = PBXFileReference; lastKnownFileType = sourcecode.c.objc; path = AppDelegate.m; sourceTree = "<group>"; };
		86672BA21C15367C000D719E /* ViewController.h */ = {isa = PBXFileReference; lastKnownFileType = sourcecode.c.h; path = ViewController.h; sourceTree = "<group>"; };
		86672BA31C15367C000D719E /* ViewController.m */ = {isa = PBXFileReference; lastKnownFileType = sourcecode.c.objc; path = ViewController.m; sourceTree = "<group>"; };
		86672BA81C15367C000D719E /* Assets.xcassets */ = {isa = PBXFileReference; lastKnownFileType = folder.assetcatalog; path = Assets.xcassets; sourceTree = "<group>"; };
		86672BAD1C15367C000D719E /* Info.plist */ = {isa = PBXFileReference; lastKnownFileType = text.plist.xml; path = Info.plist; sourceTree = "<group>"; };
		86672BB21C15367C000D719E /* XpkUiSDKDemoUITests.xctest */ = {isa = PBXFileReference; explicitFileType = wrapper.cfbundle; includeInIndex = 0; path = XpkUiSDKDemoUITests.xctest; sourceTree = BUILT_PRODUCTS_DIR; };
		86672BCF1C154590000D719E /* CoreGraphics.framework */ = {isa = PBXFileReference; lastKnownFileType = wrapper.framework; name = CoreGraphics.framework; path = System/Library/Frameworks/CoreGraphics.framework; sourceTree = SDKROOT; };
		86672BD11C1545AD000D719E /* CoreFoundation.framework */ = {isa = PBXFileReference; lastKnownFileType = wrapper.framework; name = CoreFoundation.framework; path = System/Library/Frameworks/CoreFoundation.framework; sourceTree = SDKROOT; };
		8672B5E61C16C41100801DDA /* Foundation.framework */ = {isa = PBXFileReference; lastKnownFileType = wrapper.framework; name = Foundation.framework; path = System/Library/Frameworks/Foundation.framework; sourceTree = SDKROOT; };
		8672B5F41C16D8F700801DDA /* MediaPlayer.framework */ = {isa = PBXFileReference; lastKnownFileType = wrapper.framework; name = MediaPlayer.framework; path = System/Library/Frameworks/MediaPlayer.framework; sourceTree = SDKROOT; };
		8672B5F61C16DBCE00801DDA /* AssetsLibrary.framework */ = {isa = PBXFileReference; lastKnownFileType = wrapper.framework; name = AssetsLibrary.framework; path = System/Library/Frameworks/AssetsLibrary.framework; sourceTree = SDKROOT; };
		8672B5F81C16DBDE00801DDA /* Photos.framework */ = {isa = PBXFileReference; lastKnownFileType = wrapper.framework; name = Photos.framework; path = System/Library/Frameworks/Photos.framework; sourceTree = SDKROOT; };
		867607921CC8E48200997BEC /* XpkUISDK.h */ = {isa = PBXFileReference; fileEncoding = 4; lastKnownFileType = sourcecode.c.h; path = XpkUISDK.h; sourceTree = "<group>"; };
		867607931CC8E48200997BEC /* libXpkUISDKLib.a */ = {isa = PBXFileReference; lastKnownFileType = archive.ar; path = libXpkUISDKLib.a; sourceTree = "<group>"; };
		867607941CC8E48200997BEC /* XpkUISDK.bundle */ = {isa = PBXFileReference; lastKnownFileType = "wrapper.plug-in"; path = XpkUISDK.bundle; sourceTree = "<group>"; };
		8684B9B51DCAD450001488F3 /* testFile1.mov */ = {isa = PBXFileReference; lastKnownFileType = video.quicktime; path = testFile1.mov; sourceTree = "<group>"; };
		86872C3C1E6FBD4A0065597C /* IMG_0586.JPG */ = {isa = PBXFileReference; lastKnownFileType = image.jpeg; path = IMG_0586.JPG; sourceTree = "<group>"; };
		86872C3D1E6FBD4A0065597C /* water_LOGO.png */ = {isa = PBXFileReference; lastKnownFileType = image.png; path = water_LOGO.png; sourceTree = "<group>"; };
		86872C3E1E6FBD4A0065597C /* waterImage.png */ = {isa = PBXFileReference; lastKnownFileType = image.png; path = waterImage.png; sourceTree = "<group>"; };
		86872C401E6FBD4A0065597C /* waterImage.png */ = {isa = PBXFileReference; lastKnownFileType = image.png; path = waterImage.png; sourceTree = "<group>"; };
		86872C411E6FBD4A0065597C /* 不启用_@3x.png */ = {isa = PBXFileReference; lastKnownFileType = image.png; path = "不启用_@3x.png"; sourceTree = "<group>"; };
		86872C421E6FBD4A0065597C /* 单选选中.png */ = {isa = PBXFileReference; lastKnownFileType = image.png; path = "单选选中.png"; sourceTree = "<group>"; };
		86872C431E6FBD4A0065597C /* 单选默认.png */ = {isa = PBXFileReference; lastKnownFileType = image.png; path = "单选默认.png"; sourceTree = "<group>"; };
		86872C441E6FBD4A0065597C /* 启用勾_@3x.png */ = {isa = PBXFileReference; lastKnownFileType = image.png; path = "启用勾_@3x.png"; sourceTree = "<group>"; };
		86872C461E6FBD4A0065597C /* 片尾caise_LOGO.png */ = {isa = PBXFileReference; lastKnownFileType = image.png; path = "片尾caise_LOGO.png"; sourceTree = "<group>"; };
		86872C471E6FBD4A0065597C /* 片尾caise_LOGO_.png */ = {isa = PBXFileReference; lastKnownFileType = image.png; path = "片尾caise_LOGO_.png"; sourceTree = "<group>"; };
		86A66B131C7D5B350098E7D2 /* waterImage.png */ = {isa = PBXFileReference; lastKnownFileType = image.png; path = waterImage.png; sourceTree = "<group>"; };
		86A66B1E1C7D616D0098E7D2 /* MobileCoreServices.framework */ = {isa = PBXFileReference; lastKnownFileType = wrapper.framework; name = MobileCoreServices.framework; path = System/Library/Frameworks/MobileCoreServices.framework; sourceTree = SDKROOT; };
		86A66B221C7D61930098E7D2 /* CFNetwork.framework */ = {isa = PBXFileReference; lastKnownFileType = wrapper.framework; name = CFNetwork.framework; path = System/Library/Frameworks/CFNetwork.framework; sourceTree = SDKROOT; };
		86A66B261C7D623C0098E7D2 /* libz.1.2.5.tbd */ = {isa = PBXFileReference; lastKnownFileType = "sourcecode.text-based-dylib-definition"; name = libz.1.2.5.tbd; path = usr/lib/libz.1.2.5.tbd; sourceTree = SDKROOT; };
		86A66B2A1C7D62590098E7D2 /* CoreMotion.framework */ = {isa = PBXFileReference; lastKnownFileType = wrapper.framework; name = CoreMotion.framework; path = System/Library/Frameworks/CoreMotion.framework; sourceTree = SDKROOT; };
		86A66B2C1C7D62FC0098E7D2 /* libxml2.2.tbd */ = {isa = PBXFileReference; lastKnownFileType = "sourcecode.text-based-dylib-definition"; name = libxml2.2.tbd; path = usr/lib/libxml2.2.tbd; sourceTree = SDKROOT; };
		86A66B2E1C7D630F0098E7D2 /* libstdc++.tbd */ = {isa = PBXFileReference; lastKnownFileType = "sourcecode.text-based-dylib-definition"; name = "libstdc++.tbd"; path = "usr/lib/libstdc++.tbd"; sourceTree = SDKROOT; };
		86A66B321C7D639E0098E7D2 /* CoreTelephony.framework */ = {isa = PBXFileReference; lastKnownFileType = wrapper.framework; name = CoreTelephony.framework; path = System/Library/Frameworks/CoreTelephony.framework; sourceTree = SDKROOT; };
		86CD0C121DFFB4C200D9F5EF /* PlayVideoController.h */ = {isa = PBXFileReference; fileEncoding = 4; lastKnownFileType = sourcecode.c.h; path = PlayVideoController.h; sourceTree = "<group>"; };
		86CD0C131DFFB4C200D9F5EF /* PlayVideoController.m */ = {isa = PBXFileReference; fileEncoding = 4; lastKnownFileType = sourcecode.c.objc; path = PlayVideoController.m; sourceTree = "<group>"; };
/* End PBXFileReference section */

/* Begin PBXFrameworksBuildPhase section */
		86672B961C15367C000D719E /* Frameworks */ = {
			isa = PBXFrameworksBuildPhase;
			buildActionMask = 2147483647;
			files = (
				86A66B2F1C7D630F0098E7D2 /* libstdc++.tbd in Frameworks */,
				86A66B2D1C7D62FC0098E7D2 /* libxml2.2.tbd in Frameworks */,
				86A66B271C7D623C0098E7D2 /* libz.1.2.5.tbd in Frameworks */,
				8672B5F71C16DBCE00801DDA /* AssetsLibrary.framework in Frameworks */,
				86672BD01C154590000D719E /* CoreGraphics.framework in Frameworks */,
				8676079A1CC8E48200997BEC /* libXpkUISDKLib.a in Frameworks */,
				86A66B381C7D65AD0098E7D2 /* CoreTelephony.framework in Frameworks */,
				86A66B1F1C7D616D0098E7D2 /* MobileCoreServices.framework in Frameworks */,
				8672B5F91C16DBDE00801DDA /* Photos.framework in Frameworks */,
				8672B5E71C16C41100801DDA /* Foundation.framework in Frameworks */,
				86672BD21C1545AD000D719E /* CoreFoundation.framework in Frameworks */,
			);
			runOnlyForDeploymentPostprocessing = 0;
		};
		86672BAF1C15367C000D719E /* Frameworks */ = {
			isa = PBXFrameworksBuildPhase;
			buildActionMask = 2147483647;
			files = (
			);
			runOnlyForDeploymentPostprocessing = 0;
		};
/* End PBXFrameworksBuildPhase section */

/* Begin PBXGroup section */
		86672B901C15367C000D719E = {
			isa = PBXGroup;
			children = (
				86672B9B1C15367C000D719E /* XpkUiSDKDemo */,
				8672B5F11C16D7CE00801DDA /* Frameworks */,
				86672B9A1C15367C000D719E /* Products */,
			);
			sourceTree = "<group>";
		};
		86672B9A1C15367C000D719E /* Products */ = {
			isa = PBXGroup;
			children = (
				86672B991C15367C000D719E /* XpkUiSDKDemo.app */,
				86672BB21C15367C000D719E /* XpkUiSDKDemoUITests.xctest */,
			);
			name = Products;
			sourceTree = "<group>";
		};
		86672B9B1C15367C000D719E /* XpkUiSDKDemo */ = {
			isa = PBXGroup;
			children = (
				867607901CC8E48200997BEC /* libxpkCoreSdk */,
				86672B9F1C15367C000D719E /* AppDelegate.h */,
				86672BA01C15367C000D719E /* AppDelegate.m */,
				86672BA21C15367C000D719E /* ViewController.h */,
				86672BA31C15367C000D719E /* ViewController.m */,
				86CD0C121DFFB4C200D9F5EF /* PlayVideoController.h */,
				86CD0C131DFFB4C200D9F5EF /* PlayVideoController.m */,
				86672BA81C15367C000D719E /* Assets.xcassets */,
				86672BAD1C15367C000D719E /* Info.plist */,
				86672B9C1C15367C000D719E /* Supporting Files */,
			);
			path = XpkUiSDKDemo;
			sourceTree = "<group>";
		};
		86672B9C1C15367C000D719E /* Supporting Files */ = {
			isa = PBXGroup;
			children = (
				86872C3C1E6FBD4A0065597C /* IMG_0586.JPG */,
				86872C3D1E6FBD4A0065597C /* water_LOGO.png */,
				86872C3E1E6FBD4A0065597C /* waterImage.png */,
				86872C3F1E6FBD4A0065597C /* waterlogo */,
				86872C411E6FBD4A0065597C /* 不启用_@3x.png */,
				86872C421E6FBD4A0065597C /* 单选选中.png */,
				86872C431E6FBD4A0065597C /* 单选默认.png */,
				86872C441E6FBD4A0065597C /* 启用勾_@3x.png */,
				86872C451E6FBD4A0065597C /* 片尾 */,
				8684B9B51DCAD450001488F3 /* testFile1.mov */,
				86A66B121C7D5B350098E7D2 /* waterlogo */,
				86672B9D1C15367C000D719E /* main.m */,
			);
			name = "Supporting Files";
			sourceTree = "<group>";
		};
		8672B5F11C16D7CE00801DDA /* Frameworks */ = {
			isa = PBXGroup;
			children = (
				86A66B2E1C7D630F0098E7D2 /* libstdc++.tbd */,
				86A66B2C1C7D62FC0098E7D2 /* libxml2.2.tbd */,
				86A66B261C7D623C0098E7D2 /* libz.1.2.5.tbd */,
				86A66B321C7D639E0098E7D2 /* CoreTelephony.framework */,
				86A66B2A1C7D62590098E7D2 /* CoreMotion.framework */,
				86A66B221C7D61930098E7D2 /* CFNetwork.framework */,
				86A66B1E1C7D616D0098E7D2 /* MobileCoreServices.framework */,
				8672B5F81C16DBDE00801DDA /* Photos.framework */,
				8672B5F61C16DBCE00801DDA /* AssetsLibrary.framework */,
				8672B5F41C16D8F700801DDA /* MediaPlayer.framework */,
				8672B5E61C16C41100801DDA /* Foundation.framework */,
				86672BD11C1545AD000D719E /* CoreFoundation.framework */,
				86672BCF1C154590000D719E /* CoreGraphics.framework */,
			);
			name = Frameworks;
			sourceTree = "<group>";
		};
		867607901CC8E48200997BEC /* libxpkCoreSdk */ = {
			isa = PBXGroup;
			children = (
				8632CA711D9BB776001346B0 /* VideoRecordBundle.bundle */,
				867607911CC8E48200997BEC /* include */,
				867607931CC8E48200997BEC /* libXpkUISDKLib.a */,
				867607941CC8E48200997BEC /* XpkUISDK.bundle */,
			);
			name = libxpkCoreSdk;
			path = ../../libxpkCoreSdk;
			sourceTree = "<group>";
		};
		867607911CC8E48200997BEC /* include */ = {
			isa = PBXGroup;
			children = (
				867607921CC8E48200997BEC /* XpkUISDK.h */,
			);
			path = include;
			sourceTree = "<group>";
		};
		86872C3F1E6FBD4A0065597C /* waterlogo */ = {
			isa = PBXGroup;
			children = (
				86872C401E6FBD4A0065597C /* waterImage.png */,
			);
			path = waterlogo;
			sourceTree = "<group>";
		};
		86872C451E6FBD4A0065597C /* 片尾 */ = {
			isa = PBXGroup;
			children = (
				86872C461E6FBD4A0065597C /* 片尾caise_LOGO.png */,
				86872C471E6FBD4A0065597C /* 片尾caise_LOGO_.png */,
			);
			path = "片尾";
			sourceTree = "<group>";
		};
		86A66B121C7D5B350098E7D2 /* waterlogo */ = {
			isa = PBXGroup;
			children = (
				86A66B131C7D5B350098E7D2 /* waterImage.png */,
			);
			path = waterlogo;
			sourceTree = "<group>";
		};
/* End PBXGroup section */

/* Begin PBXNativeTarget section */
		86672B981C15367C000D719E /* XpkUiSDKDemo */ = {
			isa = PBXNativeTarget;
			buildConfigurationList = 86672BBB1C15367C000D719E /* Build configuration list for PBXNativeTarget "XpkUiSDKDemo" */;
			buildPhases = (
				86672B951C15367C000D719E /* Sources */,
				86672B961C15367C000D719E /* Frameworks */,
				86672B971C15367C000D719E /* Resources */,
				862AC0111C241D87004B26B7 /* Embed Frameworks */,
			);
			buildRules = (
			);
			dependencies = (
			);
			name = XpkUiSDKDemo;
			productName = XpkUiSDKDemo;
			productReference = 86672B991C15367C000D719E /* XpkUiSDKDemo.app */;
			productType = "com.apple.product-type.application";
		};
		86672BB11C15367C000D719E /* XpkUiSDKDemoUITests */ = {
			isa = PBXNativeTarget;
			buildConfigurationList = 86672BBE1C15367C000D719E /* Build configuration list for PBXNativeTarget "XpkUiSDKDemoUITests" */;
			buildPhases = (
				86672BAE1C15367C000D719E /* Sources */,
				86672BAF1C15367C000D719E /* Frameworks */,
				86672BB01C15367C000D719E /* Resources */,
			);
			buildRules = (
			);
			dependencies = (
				86672BB41C15367C000D719E /* PBXTargetDependency */,
			);
			name = XpkUiSDKDemoUITests;
			productName = XpkUiSDKDemoUITests;
			productReference = 86672BB21C15367C000D719E /* XpkUiSDKDemoUITests.xctest */;
			productType = "com.apple.product-type.bundle.ui-testing";
		};
/* End PBXNativeTarget section */

/* Begin PBXProject section */
		86672B911C15367C000D719E /* Project object */ = {
			isa = PBXProject;
			attributes = {
				LastUpgradeCheck = 0710;
				ORGANIZATIONNAME = XpkUiSDKDemo;
				TargetAttributes = {
					86672B981C15367C000D719E = {
						CreatedOnToolsVersion = 7.1.1;
						DevelopmentTeam = K8UMEY246Y;
					};
					86672BB11C15367C000D719E = {
						CreatedOnToolsVersion = 7.1.1;
						TestTargetID = 86672B981C15367C000D719E;
					};
				};
			};
			buildConfigurationList = 86672B941C15367C000D719E /* Build configuration list for PBXProject "XpkUiSDKDemo" */;
			compatibilityVersion = "Xcode 3.2";
			developmentRegion = English;
			hasScannedForEncodings = 0;
			knownRegions = (
				en,
				Base,
			);
			mainGroup = 86672B901C15367C000D719E;
			productRefGroup = 86672B9A1C15367C000D719E /* Products */;
			projectDirPath = "";
			projectRoot = "";
			targets = (
				86672B981C15367C000D719E /* XpkUiSDKDemo */,
				86672BB11C15367C000D719E /* XpkUiSDKDemoUITests */,
			);
		};
/* End PBXProject section */

/* Begin PBXResourcesBuildPhase section */
		86672B971C15367C000D719E /* Resources */ = {
			isa = PBXResourcesBuildPhase;
			buildActionMask = 2147483647;
			files = (
				86872C4C1E6FBD4A0065597C /* 不启用_@3x.png in Resources */,
				86872C4D1E6FBD4A0065597C /* 单选选中.png in Resources */,
				86872C481E6FBD4A0065597C /* IMG_0586.JPG in Resources */,
				8632CA721D9BB776001346B0 /* VideoRecordBundle.bundle in Resources */,
				86872C511E6FBD4A0065597C /* 片尾caise_LOGO_.png in Resources */,
				8684B9B61DCAD450001488F3 /* testFile1.mov in Resources */,
				8676079B1CC8E48200997BEC /* XpkUISDK.bundle in Resources */,
				86872C491E6FBD4A0065597C /* water_LOGO.png in Resources */,
				86A66B141C7D5B350098E7D2 /* waterImage.png in Resources */,
				86872C4B1E6FBD4A0065597C /* waterImage.png in Resources */,
				86872C4E1E6FBD4A0065597C /* 单选默认.png in Resources */,
				86672BA91C15367C000D719E /* Assets.xcassets in Resources */,
				86872C501E6FBD4A0065597C /* 片尾caise_LOGO.png in Resources */,
				86872C4F1E6FBD4A0065597C /* 启用勾_@3x.png in Resources */,
				86872C4A1E6FBD4A0065597C /* waterImage.png in Resources */,
			);
			runOnlyForDeploymentPostprocessing = 0;
		};
		86672BB01C15367C000D719E /* Resources */ = {
			isa = PBXResourcesBuildPhase;
			buildActionMask = 2147483647;
			files = (
			);
			runOnlyForDeploymentPostprocessing = 0;
		};
/* End PBXResourcesBuildPhase section */

/* Begin PBXSourcesBuildPhase section */
		86672B951C15367C000D719E /* Sources */ = {
			isa = PBXSourcesBuildPhase;
			buildActionMask = 2147483647;
			files = (
				86672BA41C15367C000D719E /* ViewController.m in Sources */,
				86672BA11C15367C000D719E /* AppDelegate.m in Sources */,
				86CD0C141DFFB4C200D9F5EF /* PlayVideoController.m in Sources */,
				86672B9E1C15367C000D719E /* main.m in Sources */,
			);
			runOnlyForDeploymentPostprocessing = 0;
		};
		86672BAE1C15367C000D719E /* Sources */ = {
			isa = PBXSourcesBuildPhase;
			buildActionMask = 2147483647;
			files = (
			);
			runOnlyForDeploymentPostprocessing = 0;
		};
/* End PBXSourcesBuildPhase section */

/* Begin PBXTargetDependency section */
		86672BB41C15367C000D719E /* PBXTargetDependency */ = {
			isa = PBXTargetDependency;
			target = 86672B981C15367C000D719E /* XpkUiSDKDemo */;
			targetProxy = 86672BB31C15367C000D719E /* PBXContainerItemProxy */;
		};
/* End PBXTargetDependency section */

/* Begin XCBuildConfiguration section */
		86672BB91C15367C000D719E /* Debug */ = {
			isa = XCBuildConfiguration;
			buildSettings = {
				ALWAYS_SEARCH_USER_PATHS = NO;
				ARCHS = (
					"$(ARCHS_STANDARD)",
					arm64,
					armv7,
					armv7s,
				);
				CLANG_CXX_LANGUAGE_STANDARD = "gnu++0x";
				CLANG_CXX_LIBRARY = "libc++";
				CLANG_ENABLE_MODULES = YES;
				CLANG_ENABLE_OBJC_ARC = YES;
				CLANG_WARN_BOOL_CONVERSION = YES;
				CLANG_WARN_CONSTANT_CONVERSION = YES;
				CLANG_WARN_DIRECT_OBJC_ISA_USAGE = YES_ERROR;
				CLANG_WARN_EMPTY_BODY = YES;
				CLANG_WARN_ENUM_CONVERSION = YES;
				CLANG_WARN_INT_CONVERSION = YES;
				CLANG_WARN_OBJC_ROOT_CLASS = YES_ERROR;
				CLANG_WARN_UNREACHABLE_CODE = YES;
				CLANG_WARN__DUPLICATE_METHOD_MATCH = YES;
				"CODE_SIGN_IDENTITY[sdk=iphoneos*]" = "";
				COPY_PHASE_STRIP = NO;
				DEBUG_INFORMATION_FORMAT = dwarf;
				ENABLE_STRICT_OBJC_MSGSEND = YES;
				ENABLE_TESTABILITY = YES;
				GCC_C_LANGUAGE_STANDARD = gnu99;
				GCC_DYNAMIC_NO_PIC = NO;
				GCC_NO_COMMON_BLOCKS = YES;
				GCC_OPTIMIZATION_LEVEL = 0;
				GCC_PREPROCESSOR_DEFINITIONS = (
					"DEBUG=1",
					"$(inherited)",
				);
				GCC_WARN_64_TO_32_BIT_CONVERSION = YES;
				GCC_WARN_ABOUT_RETURN_TYPE = YES_ERROR;
				GCC_WARN_UNDECLARED_SELECTOR = YES;
				GCC_WARN_UNINITIALIZED_AUTOS = YES_AGGRESSIVE;
				GCC_WARN_UNUSED_FUNCTION = YES;
				GCC_WARN_UNUSED_VARIABLE = YES;
				IPHONEOS_DEPLOYMENT_TARGET = 7.0;
				MTL_ENABLE_DEBUG_INFO = YES;
				ONLY_ACTIVE_ARCH = NO;
				PROVISIONING_PROFILE = "188fc5df-96ba-4bd0-b0dd-e8fa9754a334";
				SDKROOT = iphoneos;
				TARGETED_DEVICE_FAMILY = "1,2";
			};
			name = Debug;
		};
		86672BBA1C15367C000D719E /* Release */ = {
			isa = XCBuildConfiguration;
			buildSettings = {
				ALWAYS_SEARCH_USER_PATHS = NO;
				ARCHS = (
					"$(ARCHS_STANDARD)",
					arm64,
					armv7,
					armv7s,
				);
				CLANG_CXX_LANGUAGE_STANDARD = "gnu++0x";
				CLANG_CXX_LIBRARY = "libc++";
				CLANG_ENABLE_MODULES = YES;
				CLANG_ENABLE_OBJC_ARC = YES;
				CLANG_WARN_BOOL_CONVERSION = YES;
				CLANG_WARN_CONSTANT_CONVERSION = YES;
				CLANG_WARN_DIRECT_OBJC_ISA_USAGE = YES_ERROR;
				CLANG_WARN_EMPTY_BODY = YES;
				CLANG_WARN_ENUM_CONVERSION = YES;
				CLANG_WARN_INT_CONVERSION = YES;
				CLANG_WARN_OBJC_ROOT_CLASS = YES_ERROR;
				CLANG_WARN_UNREACHABLE_CODE = YES;
				CLANG_WARN__DUPLICATE_METHOD_MATCH = YES;
				"CODE_SIGN_IDENTITY[sdk=iphoneos*]" = "";
				COPY_PHASE_STRIP = NO;
				DEBUG_INFORMATION_FORMAT = "dwarf-with-dsym";
				ENABLE_NS_ASSERTIONS = NO;
				ENABLE_STRICT_OBJC_MSGSEND = YES;
				GCC_C_LANGUAGE_STANDARD = gnu99;
				GCC_NO_COMMON_BLOCKS = YES;
				GCC_WARN_64_TO_32_BIT_CONVERSION = YES;
				GCC_WARN_ABOUT_RETURN_TYPE = YES_ERROR;
				GCC_WARN_UNDECLARED_SELECTOR = YES;
				GCC_WARN_UNINITIALIZED_AUTOS = YES_AGGRESSIVE;
				GCC_WARN_UNUSED_FUNCTION = YES;
				GCC_WARN_UNUSED_VARIABLE = YES;
				IPHONEOS_DEPLOYMENT_TARGET = 7.0;
				MTL_ENABLE_DEBUG_INFO = NO;
				PROVISIONING_PROFILE = "188fc5df-96ba-4bd0-b0dd-e8fa9754a334";
				SDKROOT = iphoneos;
				TARGETED_DEVICE_FAMILY = "1,2";
				VALIDATE_PRODUCT = YES;
			};
			name = Release;
		};
		86672BBC1C15367C000D719E /* Debug */ = {
			isa = XCBuildConfiguration;
			buildSettings = {
				ARCHS = (
					"$(ARCHS_STANDARD)",
					arm64,
					armv7,
					armv7s,
				);
				ASSETCATALOG_COMPILER_APPICON_NAME = AppIcon;
				ASSETCATALOG_COMPILER_LAUNCHIMAGE_NAME = LaunchImage;
				CODE_SIGN_IDENTITY = "iPhone Developer";
				"CODE_SIGN_IDENTITY[sdk=iphoneos*]" = "iPhone Developer";
				COMPRESS_PNG_FILES = NO;
				ENABLE_BITCODE = NO;
				FRAMEWORK_SEARCH_PATHS = (
					"$(inherited)",
					"$(PROJECT_DIR)/XpkUiSDKDemo",
					"$(PROJECT_DIR)",
					"$(SDKROOT)$(SYSTEM_LIBRARY_DIR)/PrivateFrameworks",
				);
				HEADER_SEARCH_PATHS = "\"$(SRCROOT)/XpkUiSDKDemo/XpkUISDK.h\"";
				INFOPLIST_FILE = XpkUiSDKDemo/Info.plist;
				IPHONEOS_DEPLOYMENT_TARGET = 7.0;
				LD_RUNPATH_SEARCH_PATHS = "$(inherited) @executable_path/Frameworks";
				LIBRARY_SEARCH_PATHS = (
					"$(inherited)",
					"$(PROJECT_DIR)/XpkUiSDKDemo",
					"\"$(SRCROOT)/../libxpkCoreSdk\"",
				);
				ONLY_ACTIVE_ARCH = NO;
				OTHER_LDFLAGS = (
					"-force_load",
					"\"$(SRCROOT)/../libxpkCoreSdk/libXpkUISDKLib.a\"",
				);
				PRODUCT_BUNDLE_IDENTIFIER = com.rd.XpkUISDKDemo;
				PRODUCT_NAME = "$(TARGET_NAME)";
				PROVISIONING_PROFILE = "";
				TARGETED_DEVICE_FAMILY = 1;
			};
			name = Debug;
		};
		86672BBD1C15367C000D719E /* Release */ = {
			isa = XCBuildConfiguration;
			buildSettings = {
				ARCHS = (
					"$(ARCHS_STANDARD)",
					arm64,
					armv7,
					armv7s,
				);
				ASSETCATALOG_COMPILER_APPICON_NAME = AppIcon;
				ASSETCATALOG_COMPILER_LAUNCHIMAGE_NAME = LaunchImage;
				CODE_SIGN_IDENTITY = "iPhone Developer";
				"CODE_SIGN_IDENTITY[sdk=iphoneos*]" = "iPhone Developer";
				COMPRESS_PNG_FILES = NO;
				ENABLE_BITCODE = NO;
				FRAMEWORK_SEARCH_PATHS = (
					"$(inherited)",
					"$(PROJECT_DIR)/XpkUiSDKDemo",
					"$(PROJECT_DIR)",
					"$(SDKROOT)$(SYSTEM_LIBRARY_DIR)/PrivateFrameworks",
				);
				HEADER_SEARCH_PATHS = "\"$(SRCROOT)/XpkUiSDKDemo/XpkUISDK.h\"";
				INFOPLIST_FILE = XpkUiSDKDemo/Info.plist;
				IPHONEOS_DEPLOYMENT_TARGET = 7.0;
				LD_RUNPATH_SEARCH_PATHS = "$(inherited) @executable_path/Frameworks";
				LIBRARY_SEARCH_PATHS = (
					"$(inherited)",
					"$(PROJECT_DIR)/XpkUiSDKDemo",
					"\"$(SRCROOT)/../libxpkCoreSdk\"",
				);
				OTHER_LDFLAGS = (
					"-force_load",
					"\"$(SRCROOT)/../libxpkCoreSdk/libXpkUISDKLib.a\"",
				);
				PRODUCT_BUNDLE_IDENTIFIER = com.rd.XpkUISDKDemo;
				PRODUCT_NAME = "$(TARGET_NAME)";
				PROVISIONING_PROFILE = "";
				TARGETED_DEVICE_FAMILY = 1;
			};
			name = Release;
		};
		86672BBF1C15367C000D719E /* Debug */ = {
			isa = XCBuildConfiguration;
			buildSettings = {
				INFOPLIST_FILE = XpkUiSDKDemoUITests/Info.plist;
				LD_RUNPATH_SEARCH_PATHS = "$(inherited) @executable_path/Frameworks @loader_path/Frameworks";
				PRODUCT_BUNDLE_IDENTIFIER = XpkUiSDKDemo.XpkUiSDKDemoUITests;
				PRODUCT_NAME = "$(TARGET_NAME)";
				TEST_TARGET_NAME = XpkUiSDKDemo;
				USES_XCTRUNNER = YES;
			};
			name = Debug;
		};
		86672BC01C15367C000D719E /* Release */ = {
			isa = XCBuildConfiguration;
			buildSettings = {
				INFOPLIST_FILE = XpkUiSDKDemoUITests/Info.plist;
				LD_RUNPATH_SEARCH_PATHS = "$(inherited) @executable_path/Frameworks @loader_path/Frameworks";
				PRODUCT_BUNDLE_IDENTIFIER = XpkUiSDKDemo.XpkUiSDKDemoUITests;
				PRODUCT_NAME = "$(TARGET_NAME)";
				TEST_TARGET_NAME = XpkUiSDKDemo;
				USES_XCTRUNNER = YES;
			};
			name = Release;
		};
/* End XCBuildConfiguration section */

/* Begin XCConfigurationList section */
		86672B941C15367C000D719E /* Build configuration list for PBXProject "XpkUiSDKDemo" */ = {
			isa = XCConfigurationList;
			buildConfigurations = (
				86672BB91C15367C000D719E /* Debug */,
				86672BBA1C15367C000D719E /* Release */,
			);
			defaultConfigurationIsVisible = 0;
			defaultConfigurationName = Release;
		};
		86672BBB1C15367C000D719E /* Build configuration list for PBXNativeTarget "XpkUiSDKDemo" */ = {
			isa = XCConfigurationList;
			buildConfigurations = (
				86672BBC1C15367C000D719E /* Debug */,
				86672BBD1C15367C000D719E /* Release */,
			);
			defaultConfigurationIsVisible = 0;
			defaultConfigurationName = Release;
		};
		86672BBE1C15367C000D719E /* Build configuration list for PBXNativeTarget "XpkUiSDKDemoUITests" */ = {
			isa = XCConfigurationList;
			buildConfigurations = (
				86672BBF1C15367C000D719E /* Debug */,
				86672BC01C15367C000D719E /* Release */,
			);
			defaultConfigurationIsVisible = 0;
			defaultConfigurationName = Release;
		};
/* End XCConfigurationList section */
	};
	rootObject = 86672B911C15367C000D719E /* Project object */;
}
